// !$*UTF8*$!
{
	archiveVersion = 1;
	classes = {
	};
	objectVersion = 46;
	objects = {

/* Begin PBXBuildFile section */
		2B1B577C1EE5494D00FD352F /* main.m in Sources */ = {isa = PBXBuildFile; fileRef = 2B1B577B1EE5494D00FD352F /* main.m */; };
		2B1B577F1EE5494E00FD352F /* AppDelegate.m in Sources */ = {isa = PBXBuildFile; fileRef = 2B1B577E1EE5494E00FD352F /* AppDelegate.m */; };
		2B1B57821EE5494E00FD352F /* ViewController.m in Sources */ = {isa = PBXBuildFile; fileRef = 2B1B57811EE5494E00FD352F /* ViewController.m */; };
		2B1B57851EE5494E00FD352F /* Main.storyboard in Resources */ = {isa = PBXBuildFile; fileRef = 2B1B57831EE5494E00FD352F /* Main.storyboard */; };
		2B1B57871EE5494E00FD352F /* Assets.xcassets in Resources */ = {isa = PBXBuildFile; fileRef = 2B1B57861EE5494E00FD352F /* Assets.xcassets */; };
		2B1B578A1EE5494E00FD352F /* LaunchScreen.storyboard in Resources */ = {isa = PBXBuildFile; fileRef = 2B1B57881EE5494E00FD352F /* LaunchScreen.storyboard */; };
/* End PBXBuildFile section */

/* Begin PBXFileReference section */
		2B1B57771EE5494D00FD352F /* ABSocketDemo.app */ = {isa = PBXFileReference; explicitFileType = wrapper.application; includeInIndex = 0; path = ABSocketDemo.app; sourceTree = BUILT_PRODUCTS_DIR; };
		2B1B577B1EE5494D00FD352F /* main.m */ = {isa = PBXFileReference; lastKnownFileType = sourcecode.c.objc; path = main.m; sourceTree = "<group>"; };
		2B1B577D1EE5494D00FD352F /* AppDelegate.h */ = {isa = PBXFileReference; lastKnownFileType = sourcecode.c.h; path = AppDelegate.h; sourceTree = "<group>"; };
		2B1B577E1EE5494E00FD352F /* AppDelegate.m */ = {isa = PBXFileReference; lastKnownFileType = sourcecode.c.objc; path = AppDelegate.m; sourceTree = "<group>"; };
		2B1B57801EE5494E00FD352F /* ViewController.h */ = {isa = PBXFileReference; lastKnownFileType = sourcecode.c.h; path = ViewController.h; sourceTree = "<group>"; };
		2B1B57811EE5494E00FD352F /* ViewController.m */ = {isa = PBXFileReference; lastKnownFileType = sourcecode.c.objc; path = ViewController.m; sourceTree = "<group>"; };
		2B1B57841EE5494E00FD352F /* Base */ = {isa = PBXFileReference; lastKnownFileType = file.storyboard; name = Base; path = Base.lproj/Main.storyboard; sourceTree = "<group>"; };
		2B1B57861EE5494E00FD352F /* Assets.xcassets */ = {isa = PBXFileReference; lastKnownFileType = folder.assetcatalog; path = Assets.xcassets; sourceTree = "<group>"; };
		2B1B57891EE5494E00FD352F /* Base */ = {isa = PBXFileReference; lastKnownFileType = file.storyboard; name = Base; path = Base.lproj/LaunchScreen.storyboard; sourceTree = "<group>"; };
		2B1B578B1EE5494E00FD352F /* Info.plist */ = {isa = PBXFileReference; lastKnownFileType = text.plist.xml; path = Info.plist; sourceTree = "<group>"; };
/* End PBXFileReference section */

/* Begin PBXFrameworksBuildPhase section */
		2B1B57741EE5494D00FD352F /* Frameworks */ = {
			isa = PBXFrameworksBuildPhase;
			buildActionMask = 2147483647;
			files = (
			);
			runOnlyForDeploymentPostprocessing = 0;
		};
/* End PBXFrameworksBuildPhase section */

/* Begin PBXGroup section */
		2B1B576E1EE5494D00FD352F = {
			isa = PBXGroup;
			children = (
				2B1B57791EE5494D00FD352F /* ABSocketDemo */,
				2B1B57781EE5494D00FD352F /* Products */,
			);
			sourceTree = "<group>";
		};
		2B1B57781EE5494D00FD352F /* Products */ = {
			isa = PBXGroup;
			children = (
				2B1B57771EE5494D00FD352F /* ABSocketDemo.app */,
			);
			name = Products;
			sourceTree = "<group>";
		};
		2B1B57791EE5494D00FD352F /* ABSocketDemo */ = {
			isa = PBXGroup;
			children = (
				2B1B577D1EE5494D00FD352F /* AppDelegate.h */,
				2B1B577E1EE5494E00FD352F /* AppDelegate.m */,
				2B1B57801EE5494E00FD352F /* ViewController.h */,
				2B1B57811EE5494E00FD352F /* ViewController.m */,
				2B1B57831EE5494E00FD352F /* Main.storyboard */,
				2B1B57861EE5494E00FD352F /* Assets.xcassets */,
				2B1B57881EE5494E00FD352F /* LaunchScreen.storyboard */,
				2B1B578B1EE5494E00FD352F /* Info.plist */,
				2B1B577A1EE5494D00FD352F /* Supporting Files */,
			);
			path = ABSocketDemo;
			sourceTree = "<group>";
		};
		2B1B577A1EE5494D00FD352F /* Supporting Files */ = {
			isa = PBXGroup;
			children = (
				2B1B577B1EE5494D00FD352F /* main.m */,
			);
			name = "Supporting Files";
			sourceTree = "<group>";
		};
/* End PBXGroup section */

/* Begin PBXNativeTarget section */
		2B1B57761EE5494D00FD352F /* ABSocketDemo */ = {
			isa = PBXNativeTarget;
			buildConfigurationList = 2B1B578E1EE5494E00FD352F /* Build configuration list for PBXNativeTarget "ABSocketDemo" */;
			buildPhases = (
				2B1B57731EE5494D00FD352F /* Sources */,
				2B1B57741EE5494D00FD352F /* Frameworks */,
				2B1B57751EE5494D00FD352F /* Resources */,
			);
			buildRules = (
			);
			dependencies = (
			);
			name = ABSocketDemo;
			productName = ABSocketDemo;
			productReference = 2B1B57771EE5494D00FD352F /* ABSocketDemo.app */;
			productType = "com.apple.product-type.application";
		};
/* End PBXNativeTarget section */

/* Begin PBXProject section */
		2B1B576F1EE5494D00FD352F /* Project object */ = {
			isa = PBXProject;
			attributes = {
				LastUpgradeCheck = 0830;
				ORGANIZATIONNAME = Abilash;
				TargetAttributes = {
					2B1B57761EE5494D00FD352F = {
						CreatedOnToolsVersion = 8.3.1;
						ProvisioningStyle = Automatic;
					};
				};
			};
			buildConfigurationList = 2B1B57721EE5494D00FD352F /* Build configuration list for PBXProject "ABSocketDemo" */;
			compatibilityVersion = "Xcode 3.2";
			developmentRegion = English;
			hasScannedForEncodings = 0;
			knownRegions = (
				en,
				Base,
			);
			mainGroup = 2B1B576E1EE5494D00FD352F;
			productRefGroup = 2B1B57781EE5494D00FD352F /* Products */;
			projectDirPath = "";
			projectRoot = "";
			targets = (
				2B1B57761EE5494D00FD352F /* ABSocketDemo */,
			);
		};
/* End PBXProject section */

/* Begin PBXResourcesBuildPhase section */
		2B1B57751EE5494D00FD352F /* Resources */ = {
			isa = PBXResourcesBuildPhase;
			buildActionMask = 2147483647;
			files = (
				2B1B578A1EE5494E00FD352F /* LaunchScreen.storyboard in Resources */,
				2B1B57871EE5494E00FD352F /* Assets.xcassets in Resources */,
				2B1B57851EE5494E00FD352F /* Main.storyboard in Resources */,
			);
			runOnlyForDeploymentPostprocessing = 0;
		};
/* End PBXResourcesBuildPhase section */

/* Begin PBXSourcesBuildPhase section */
		2B1B57731EE5494D00FD352F /* Sources */ = {
			isa = PBXSourcesBuildPhase;
			buildActionMask = 2147483647;
			files = (
				2B1B57821EE5494E00FD352F /* ViewController.m in Sources */,
				2B1B577F1EE5494E00FD352F /* AppDelegate.m in Sources */,
				2B1B577C1EE5494D00FD352F /* main.m in Sources */,
			);
			runOnlyForDeploymentPostprocessing = 0;
		};
/* End PBXSourcesBuildPhase section */

/* Begin PBXVariantGroup section */
		2B1B57831EE5494E00FD352F /* Main.storyboard */ = {
			isa = PBXVariantGroup;
			children = (
				2B1B57841EE5494E00FD352F /* Base */,
			);
			name = Main.storyboard;
			sourceTree = "<group>";
		};
		2B1B57881EE5494E00FD352F /* LaunchScreen.storyboard */ = {
			isa = PBXVariantGroup;
			children = (
				2B1B57891EE5494E00FD352F /* Base */,
			);
			name = LaunchScreen.storyboard;
			sourceTree = "<group>";
		};
/* End PBXVariantGroup section */

/* Begin XCBuildConfiguration section */
		2B1B578C1EE5494E00FD352F /* Debug */ = {
			isa = XCBuildConfiguration;
			buildSettings = {
				ALWAYS_SEARCH_USER_PATHS = NO;
				CLANG_ANALYZER_NONNULL = YES;
				CLANG_ANALYZER_NUMBER_OBJECT_CONVERSION = YES_AGGRESSIVE;
				CLANG_CXX_LANGUAGE_STANDARD = "gnu++0x";
				CLANG_CXX_LIBRARY = "libc++";
				CLANG_ENABLE_MODULES = YES;
				CLANG_ENABLE_OBJC_ARC = YES;
				CLANG_WARN_BOOL_CONVERSION = YES;
				CLANG_WARN_CONSTANT_CONVERSION = YES;
				CLANG_WARN_DIRECT_OBJC_ISA_USAGE = YES_ERROR;
				CLANG_WARN_DOCUMENTATION_COMMENTS = YES;
				CLANG_WARN_EMPTY_BODY = YES;
				CLANG_WARN_ENUM_CONVERSION = YES;
				CLANG_WARN_INFINITE_RECURSION = YES;
				CLANG_WARN_INT_CONVERSION = YES;
				CLANG_WARN_OBJC_ROOT_CLASS = YES_ERROR;
				CLANG_WARN_SUSPICIOUS_MOVE = YES;
				CLANG_WARN_UNREACHABLE_CODE = YES;
				CLANG_WARN__DUPLICATE_METHOD_MATCH = YES;
				"CODE_SIGN_IDENTITY[sdk=iphoneos*]" = "iPhone Developer";
				COPY_PHASE_STRIP = NO;
				DEBUG_INFORMATION_FORMAT = dwarf;
				ENABLE_STRICT_OBJC_MSGSEND = YES;
				ENABLE_TESTABILITY = YES;
				GCC_C_LANGUAGE_STANDARD = gnu99;
				GCC_DYNAMIC_NO_PIC = NO;
				GCC_NO_COMMON_BLOCKS = YES;
				GCC_OPTIMIZATION_LEVEL = 0;
				GCC_PREPROCESSOR_DEFINITIONS = (
					"DEBUG=1",
					"$(inherited)",
				);
				GCC_WARN_64_TO_32_BIT_CONVERSION = YES;
				GCC_WARN_ABOUT_RETURN_TYPE = YES_ERROR;
				GCC_WARN_UNDECLARED_SELECTOR = YES;
				GCC_WARN_UNINITIALIZED_AUTOS = YES_AGGRESSIVE;
				GCC_WARN_UNUSED_FUNCTION = YES;
				GCC_WARN_UNUSED_VARIABLE = YES;
				IPHONEOS_DEPLOYMENT_TARGET = 10.3;
				MTL_ENABLE_DEBUG_INFO = YES;
				ONLY_ACTIVE_ARCH = YES;
				SDKROOT = iphoneos;
				TARGETED_DEVICE_FAMILY = "1,2";
			};
			name = Debug;
		};
		2B1B578D1EE5494E00FD352F /* Release */ = {
			isa = XCBuildConfiguration;
			buildSettings = {
				ALWAYS_SEARCH_USER_PATHS = NO;
				CLANG_ANALYZER_NONNULL = YES;
				CLANG_ANALYZER_NUMBER_OBJECT_CONVERSION = YES_AGGRESSIVE;
				CLANG_CXX_LANGUAGE_STANDARD = "gnu++0x";
				CLANG_CXX_LIBRARY = "libc++";
				CLANG_ENABLE_MODULES = YES;
				CLANG_ENABLE_OBJC_ARC = YES;
				CLANG_WARN_BOOL_CONVERSION = YES;
				CLANG_WARN_CONSTANT_CONVERSION = YES;
				CLANG_WARN_DIRECT_OBJC_ISA_USAGE = YES_ERROR;
				CLANG_WARN_DOCUMENTATION_COMMENTS = YES;
				CLANG_WARN_EMPTY_BODY = YES;
				CLANG_WARN_ENUM_CONVERSION = YES;
				CLANG_WARN_INFINITE_RECURSION = YES;
				CLANG_WARN_INT_CONVERSION = YES;
				CLANG_WARN_OBJC_ROOT_CLASS = YES_ERROR;
				CLANG_WARN_SUSPICIOUS_MOVE = YES;
				CLANG_WARN_UNREACHABLE_CODE = YES;
				CLANG_WARN__DUPLICATE_METHOD_MATCH = YES;
				"CODE_SIGN_IDENTITY[sdk=iphoneos*]" = "iPhone Developer";
				COPY_PHASE_STRIP = NO;
				DEBUG_INFORMATION_FORMAT = "dwarf-with-dsym";
				ENABLE_NS_ASSERTIONS = NO;
				ENABLE_STRICT_OBJC_MSGSEND = YES;
				GCC_C_LANGUAGE_STANDARD = gnu99;
				GCC_NO_COMMON_BLOCKS = YES;
				GCC_WARN_64_TO_32_BIT_CONVERSION = YES;
				GCC_WARN_ABOUT_RETURN_TYPE = YES_ERROR;
				GCC_WARN_UNDECLARED_SELECTOR = YES;
				GCC_WARN_UNINITIALIZED_AUTOS = YES_AGGRESSIVE;
				GCC_WARN_UNUSED_FUNCTION = YES;
				GCC_WARN_UNUSED_VARIABLE = YES;
				IPHONEOS_DEPLOYMENT_TARGET = 10.3;
				MTL_ENABLE_DEBUG_INFO = NO;
				SDKROOT = iphoneos;
				TARGETED_DEVICE_FAMILY = "1,2";
				VALIDATE_PRODUCT = YES;
			};
			name = Release;
		};
		2B1B578F1EE5494E00FD352F /* Debug */ = {
			isa = XCBuildConfiguration;
			buildSettings = {
				ASSETCATALOG_COMPILER_APPICON_NAME = AppIcon;
				INFOPLIST_FILE = ABSocketDemo/Info.plist;
				LD_RUNPATH_SEARCH_PATHS = "$(inherited) @executable_path/Frameworks";
				PRODUCT_BUNDLE_IDENTIFIER = com.aabl.ABSocketDemo;
				PRODUCT_NAME = "$(TARGET_NAME)";
			};
			name = Debug;
		};
		2B1B57901EE5494E00FD352F /* Release */ = {
			isa = XCBuildConfiguration;
			buildSettings = {
				ASSETCATALOG_COMPILER_APPICON_NAME = AppIcon;
				INFOPLIST_FILE = ABSocketDemo/Info.plist;
				LD_RUNPATH_SEARCH_PATHS = "$(inherited) @executable_path/Frameworks";
				PRODUCT_BUNDLE_IDENTIFIER = com.aabl.ABSocketDemo;
				PRODUCT_NAME = "$(TARGET_NAME)";
			};
			name = Release;
		};
/* End XCBuildConfiguration section */

/* Begin XCConfigurationList section */
		2B1B57721EE5494D00FD352F /* Build configuration list for PBXProject "ABSocketDemo" */ = {
			isa = XCConfigurationList;
			buildConfigurations = (
				2B1B578C1EE5494E00FD352F /* Debug */,
				2B1B578D1EE5494E00FD352F /* Release */,
			);
			defaultConfigurationIsVisible = 0;
			defaultConfigurationName = Release;
		};
		2B1B578E1EE5494E00FD352F /* Build configuration list for PBXNativeTarget "ABSocketDemo" */ = {
			isa = XCConfigurationList;
			buildConfigurations = (
				2B1B578F1EE5494E00FD352F /* Debug */,
				2B1B57901EE5494E00FD352F /* Release */,
			);
			defaultConfigurationIsVisible = 0;
		};
/* End XCConfigurationList section */
	};
	rootObject = 2B1B576F1EE5494D00FD352F /* Project object */;
}
